
Microsoft Visual Studio Solution File, Format Version 12.00
# Visual Studio Version 17
VisualStudioVersion = 17.13.35931.197
MinimumVisualStudioVersion = 10.0.40219.1
Project("{FAE04EC0-301F-11D3-BF4B-00C04F79EFBC}") = "HikeIt.Api", "HikeIt\HikeIt.Api.csproj", "{9F65B798-B039-4401-9067-4EC0D3CE18BA}"
EndProject
Project("{2150E333-8FDC-42A3-9474-1A3956D46DE8}") = "Solution Items", "Solution Items", "{8EC462FD-D22E-90A8-E5CE-7E832BA40C5D}"
	ProjectSection(SolutionItems) = preProject
		.gitignore = .gitignore
	EndProjectSection
EndProject
Global
	GlobalSection(SolutionConfigurationPlatforms) = preSolution
		Debug|Any CPU = Debug|Any CPU
		Release|Any CPU = Release|Any CPU
	EndGlobalSection
	GlobalSection(ProjectConfigurationPlatforms) = postSolution
		{9F65B798-B039-4401-9067-4EC0D3CE18BA}.Debug|Any CPU.ActiveCfg = Debug|Any CPU
		{9F65B798-B039-4401-9067-4EC0D3CE18BA}.Debug|Any CPU.Build.0 = Debug|Any CPU
		{9F65B798-B039-4401-9067-4EC0D3CE18BA}.Release|Any CPU.ActiveCfg = Release|Any CPU
		{9F65B798-B039-4401-9067-4EC0D3CE18BA}.Release|Any CPU.Build.0 = Release|Any CPU
	EndGlobalSection
	GlobalSection(SolutionProperties) = preSolution
		HideSolutionNode = FALSE
	EndGlobalSection
	GlobalSection(ExtensibilityGlobals) = postSolution
		SolutionGuid = {EFD0AC1D-74E9-4A00-B899-7787452F1EBC}
	EndGlobalSection
EndGlobal
